PODS:
  - FBAEMKit (17.4.0):
    - FBSDKCoreKit_Basics (= 17.4.0)
  - FBSDKCoreKit (17.4.0):
    - FBAEMKit (= 17.4.0)
    - FBSDKCoreKit_Basics (= 17.4.0)
  - FBSDKCoreKit_Basics (17.4.0)
  - Flutter (1.0.0)
  - flutter_meta_appads_sdk (0.0.1):
    - FBSDKCoreKit (~> 17.4.0)
    - Flutter
    - SwiftProtobuf (~> 1.0)
  - integration_test (0.0.1):
    - Flutter
  - SwiftProtobuf (1.28.2)

DEPENDENCIES:
  - Flutter (from `Flutter`)
  - flutter_meta_appads_sdk (from `.symlinks/plugins/flutter_meta_appads_sdk/ios`)
  - integration_test (from `.symlinks/plugins/integration_test/ios`)

SPEC REPOS:
  trunk:
    - FBAEMKit
    - FBSDKCoreKit
    - FBSDKCoreKit_Basics
    - SwiftProtobuf

EXTERNAL SOURCES:
  Flutter:
    :path: Flutter
  flutter_meta_appads_sdk:
    :path: ".symlinks/plugins/flutter_meta_appads_sdk/ios"
  integration_test:
    :path: ".symlinks/plugins/integration_test/ios"

SPEC CHECKSUMS:
  FBAEMKit: 58cb5f302cdd715a56d4c1d0dfdd2e423ac1421a
  FBSDKCoreKit: 94d7461d0cecf441b1ba7c41acfff41daa8ccd41
  FBSDKCoreKit_Basics: 151b43db8b834d3f0e02f95d36a44ffd36265e45
  Flutter: e0871f40cf51350855a761d2e70bf5af5b9b5de7
  flutter_meta_appads_sdk: 963fdaf8f27f753460941ad04d1af15d7138c676
  integration_test: 252f60fa39af5e17c3aa9899d35d908a0721b573
  SwiftProtobuf: 4dbaffec76a39a8dc5da23b40af1a5dc01a4c02d

PODFILE CHECKSUM: 819463e6a0290f5a72f145ba7cde16e8b6ef0796

COCOAPODS: 1.15.2
